// !$*UTF8*$!
{
	archiveVersion = 1;
	classes = {
	};
	objectVersion = 46;
	objects = {

/* Begin PBXBuildFile section */
		1436403816F19EDF007EA29F /* UIKit.framework in Frameworks */ = {isa = PBXBuildFile; fileRef = 1436403716F19EDF007EA29F /* UIKit.framework */; };
		1436403A16F19EDF007EA29F /* Foundation.framework in Frameworks */ = {isa = PBXBuildFile; fileRef = 1436403916F19EDF007EA29F /* Foundation.framework */; };
		1436403C16F19EDF007EA29F /* CoreGraphics.framework in Frameworks */ = {isa = PBXBuildFile; fileRef = 1436403B16F19EDF007EA29F /* CoreGraphics.framework */; };
		1436404216F19EDF007EA29F /* InfoPlist.strings in Resources */ = {isa = PBXBuildFile; fileRef = 1436404016F19EDF007EA29F /* InfoPlist.strings */; };
		1436404416F19EDF007EA29F /* main.m in Sources */ = {isa = PBXBuildFile; fileRef = 1436404316F19EDF007EA29F /* main.m */; };
		1436404816F19EDF007EA29F /* AppDelegate.m in Sources */ = {isa = PBXBuildFile; fileRef = 1436404716F19EDF007EA29F /* AppDelegate.m */; };
		1436404A16F19EDF007EA29F /* Default.png in Resources */ = {isa = PBXBuildFile; fileRef = 1436404916F19EDF007EA29F /* Default.png */; };
		1436404C16F19EDF007EA29F /* Default@2x.png in Resources */ = {isa = PBXBuildFile; fileRef = 1436404B16F19EDF007EA29F /* Default@2x.png */; };
		1436404E16F19EDF007EA29F /* Default-568h@2x.png in Resources */ = {isa = PBXBuildFile; fileRef = 1436404D16F19EDF007EA29F /* Default-568h@2x.png */; };
		1436405116F19EDF007EA29F /* MainStoryboard.storyboard in Resources */ = {isa = PBXBuildFile; fileRef = 1436404F16F19EDF007EA29F /* MainStoryboard.storyboard */; };
		1436405416F19EDF007EA29F /* MasterViewController.m in Sources */ = {isa = PBXBuildFile; fileRef = 1436405316F19EDF007EA29F /* MasterViewController.m */; };
		1436405716F19EDF007EA29F /* DetailViewController.m in Sources */ = {isa = PBXBuildFile; fileRef = 1436405616F19EDF007EA29F /* DetailViewController.m */; };
		1436405E16F19F14007EA29F /* verbs.plist in Resources */ = {isa = PBXBuildFile; fileRef = 1436405D16F19F14007EA29F /* verbs.plist */; };
		1436406016F19F63007EA29F /* er_verbs.plist in Resources */ = {isa = PBXBuildFile; fileRef = 1436405F16F19F63007EA29F /* er_verbs.plist */; };
		1436406216F1C6FC007EA29F /* ir_verbs.plist in Resources */ = {isa = PBXBuildFile; fileRef = 1436406116F1C6FC007EA29F /* ir_verbs.plist */; };
		1436406516F1CC17007EA29F /* irr_verbs.plist in Resources */ = {isa = PBXBuildFile; fileRef = 1436406416F1CC17007EA29F /* irr_verbs.plist */; };
		1436406716F1CCEA007EA29F /* reflex_verbs.plist in Resources */ = {isa = PBXBuildFile; fileRef = 1436406616F1CCEA007EA29F /* reflex_verbs.plist */; };
		1436406916F2E050007EA29F /* nouns.plist in Resources */ = {isa = PBXBuildFile; fileRef = 1436406816F2E050007EA29F /* nouns.plist */; };
		1436406B16F2E09F007EA29F /* f_nouns.plist in Resources */ = {isa = PBXBuildFile; fileRef = 1436406A16F2E09F007EA29F /* f_nouns.plist */; };
		1436406D16F2F317007EA29F /* m_nouns.plist in Resources */ = {isa = PBXBuildFile; fileRef = 1436406C16F2F316007EA29F /* m_nouns.plist */; };
		1436406F16F3134C007EA29F /* loading.png in Resources */ = {isa = PBXBuildFile; fileRef = 1436406E16F3134C007EA29F /* loading.png */; };
		144616AE170B095F008B1ABC /* icon57.png in Resources */ = {isa = PBXBuildFile; fileRef = 144616AD170B095F008B1ABC /* icon57.png */; };
		144616B0170B0964008B1ABC /* icon114.png in Resources */ = {isa = PBXBuildFile; fileRef = 144616AF170B0964008B1ABC /* icon114.png */; };
		144616B2170B0CF0008B1ABC /* Default.png in Resources */ = {isa = PBXBuildFile; fileRef = 144616B1170B0CF0008B1ABC /* Default.png */; };
		144616B4170B0E43008B1ABC /* Default@2x.png in Resources */ = {isa = PBXBuildFile; fileRef = 144616B3170B0E43008B1ABC /* Default@2x.png */; };
		144616B6170B0F47008B1ABC /* Default-568h@2x.png in Resources */ = {isa = PBXBuildFile; fileRef = 144616B5170B0F47008B1ABC /* Default-568h@2x.png */; };
		144616EB170B5315008B1ABC /* SearchViewController.m in Sources */ = {isa = PBXBuildFile; fileRef = 144616EA170B5315008B1ABC /* SearchViewController.m */; };
		14634373170DF8AF0062B1E4 /* bg640_960.png in Resources */ = {isa = PBXBuildFile; fileRef = 14634371170DF8AF0062B1E4 /* bg640_960.png */; };
		14634374170DF8AF0062B1E4 /* bg640_960@2x.png in Resources */ = {isa = PBXBuildFile; fileRef = 14634372170DF8AF0062B1E4 /* bg640_960@2x.png */; };
		14634376170E97CB0062B1E4 /* sections.plist in Resources */ = {isa = PBXBuildFile; fileRef = 14634375170E97CB0062B1E4 /* sections.plist */; };
		14634378170E9F180062B1E4 /* pronouns.plist in Resources */ = {isa = PBXBuildFile; fileRef = 14634377170E9F180062B1E4 /* pronouns.plist */; };
		1463437C170EB91D0062B1E4 /* all_pronouns.plist in Resources */ = {isa = PBXBuildFile; fileRef = 1463437B170EB91D0062B1E4 /* all_pronouns.plist */; };
		147D226F1714933A005E817D /* WordCell.m in Sources */ = {isa = PBXBuildFile; fileRef = 147D226E1714933A005E817D /* WordCell.m */; };
		147D22721715BF46005E817D /* fr_bg.png in Resources */ = {isa = PBXBuildFile; fileRef = 147D22701715BF46005E817D /* fr_bg.png */; };
		147D22731715BF46005E817D /* fr_bg@2x.png in Resources */ = {isa = PBXBuildFile; fileRef = 147D22711715BF46005E817D /* fr_bg@2x.png */; };
		147D22751715CCF3005E817D /* questions.plist in Resources */ = {isa = PBXBuildFile; fileRef = 147D22741715CCF3005E817D /* questions.plist */; };
		147D22771715CD3D005E817D /* all_questions.plist in Resources */ = {isa = PBXBuildFile; fileRef = 147D22761715CD3D005E817D /* all_questions.plist */; };
		14BB5C591714526F00D40A46 /* re_verbs.plist in Resources */ = {isa = PBXBuildFile; fileRef = 14BB5C581714526F00D40A46 /* re_verbs.plist */; };
/* End PBXBuildFile section */

/* Begin PBXFileReference section */
		1436403416F19EDE007EA29F /* French Words.app */ = {isa = PBXFileReference; explicitFileType = wrapper.application; includeInIndex = 0; path = "French Words.app"; sourceTree = BUILT_PRODUCTS_DIR; };
		1436403716F19EDF007EA29F /* UIKit.framework */ = {isa = PBXFileReference; lastKnownFileType = wrapper.framework; name = UIKit.framework; path = System/Library/Frameworks/UIKit.framework; sourceTree = SDKROOT; };
		1436403916F19EDF007EA29F /* Foundation.framework */ = {isa = PBXFileReference; lastKnownFileType = wrapper.framework; name = Foundation.framework; path = System/Library/Frameworks/Foundation.framework; sourceTree = SDKROOT; };
		1436403B16F19EDF007EA29F /* CoreGraphics.framework */ = {isa = PBXFileReference; lastKnownFileType = wrapper.framework; name = CoreGraphics.framework; path = System/Library/Frameworks/CoreGraphics.framework; sourceTree = SDKROOT; };
		1436403F16F19EDF007EA29F /* FrenchVerbConjugations-Info.plist */ = {isa = PBXFileReference; lastKnownFileType = text.plist.xml; path = "FrenchVerbConjugations-Info.plist"; sourceTree = "<group>"; };
		1436404116F19EDF007EA29F /* en */ = {isa = PBXFileReference; lastKnownFileType = text.plist.strings; name = en; path = en.lproj/InfoPlist.strings; sourceTree = "<group>"; };
		1436404316F19EDF007EA29F /* main.m */ = {isa = PBXFileReference; lastKnownFileType = sourcecode.c.objc; path = main.m; sourceTree = "<group>"; };
		1436404516F19EDF007EA29F /* FrenchVerbConjugations-Prefix.pch */ = {isa = PBXFileReference; lastKnownFileType = sourcecode.c.h; path = "FrenchVerbConjugations-Prefix.pch"; sourceTree = "<group>"; };
		1436404616F19EDF007EA29F /* AppDelegate.h */ = {isa = PBXFileReference; lastKnownFileType = sourcecode.c.h; path = AppDelegate.h; sourceTree = "<group>"; };
		1436404716F19EDF007EA29F /* AppDelegate.m */ = {isa = PBXFileReference; lastKnownFileType = sourcecode.c.objc; path = AppDelegate.m; sourceTree = "<group>"; };
		1436404916F19EDF007EA29F /* Default.png */ = {isa = PBXFileReference; lastKnownFileType = image.png; path = Default.png; sourceTree = "<group>"; };
		1436404B16F19EDF007EA29F /* Default@2x.png */ = {isa = PBXFileReference; lastKnownFileType = image.png; path = "Default@2x.png"; sourceTree = "<group>"; };
		1436404D16F19EDF007EA29F /* Default-568h@2x.png */ = {isa = PBXFileReference; lastKnownFileType = image.png; path = "Default-568h@2x.png"; sourceTree = "<group>"; };
		1436405016F19EDF007EA29F /* en */ = {isa = PBXFileReference; lastKnownFileType = file.storyboard; name = en; path = en.lproj/MainStoryboard.storyboard; sourceTree = "<group>"; };
		1436405216F19EDF007EA29F /* MasterViewController.h */ = {isa = PBXFileReference; lastKnownFileType = sourcecode.c.h; path = MasterViewController.h; sourceTree = "<group>"; };
		1436405316F19EDF007EA29F /* MasterViewController.m */ = {isa = PBXFileReference; lastKnownFileType = sourcecode.c.objc; path = MasterViewController.m; sourceTree = "<group>"; };
		1436405516F19EDF007EA29F /* DetailViewController.h */ = {isa = PBXFileReference; lastKnownFileType = sourcecode.c.h; path = DetailViewController.h; sourceTree = "<group>"; };
		1436405616F19EDF007EA29F /* DetailViewController.m */ = {isa = PBXFileReference; lastKnownFileType = sourcecode.c.objc; path = DetailViewController.m; sourceTree = "<group>"; };
		1436405D16F19F14007EA29F /* verbs.plist */ = {isa = PBXFileReference; fileEncoding = 4; lastKnownFileType = text.plist.xml; path = verbs.plist; sourceTree = "<group>"; };
		1436405F16F19F63007EA29F /* er_verbs.plist */ = {isa = PBXFileReference; fileEncoding = 4; lastKnownFileType = text.plist.xml; path = er_verbs.plist; sourceTree = "<group>"; };
		1436406116F1C6FC007EA29F /* ir_verbs.plist */ = {isa = PBXFileReference; fileEncoding = 4; lastKnownFileType = text.plist.xml; path = ir_verbs.plist; sourceTree = "<group>"; };
		1436406416F1CC17007EA29F /* irr_verbs.plist */ = {isa = PBXFileReference; fileEncoding = 4; lastKnownFileType = text.plist.xml; path = irr_verbs.plist; sourceTree = "<group>"; };
		1436406616F1CCEA007EA29F /* reflex_verbs.plist */ = {isa = PBXFileReference; fileEncoding = 4; lastKnownFileType = text.plist.xml; path = reflex_verbs.plist; sourceTree = "<group>"; };
		1436406816F2E050007EA29F /* nouns.plist */ = {isa = PBXFileReference; fileEncoding = 4; lastKnownFileType = text.plist.xml; path = nouns.plist; sourceTree = "<group>"; };
		1436406A16F2E09F007EA29F /* f_nouns.plist */ = {isa = PBXFileReference; fileEncoding = 4; lastKnownFileType = text.plist.xml; path = f_nouns.plist; sourceTree = "<group>"; };
		1436406C16F2F316007EA29F /* m_nouns.plist */ = {isa = PBXFileReference; fileEncoding = 4; lastKnownFileType = text.plist.xml; path = m_nouns.plist; sourceTree = "<group>"; };
		1436406E16F3134C007EA29F /* loading.png */ = {isa = PBXFileReference; lastKnownFileType = image.png; path = loading.png; sourceTree = "<group>"; };
		144616AD170B095F008B1ABC /* icon57.png */ = {isa = PBXFileReference; lastKnownFileType = image.png; path = icon57.png; sourceTree = "<group>"; };
		144616AF170B0964008B1ABC /* icon114.png */ = {isa = PBXFileReference; lastKnownFileType = image.png; path = icon114.png; sourceTree = "<group>"; };
		144616B1170B0CF0008B1ABC /* Default.png */ = {isa = PBXFileReference; lastKnownFileType = image.png; path = Default.png; sourceTree = "<group>"; };
		144616B3170B0E43008B1ABC /* Default@2x.png */ = {isa = PBXFileReference; lastKnownFileType = image.png; path = "Default@2x.png"; sourceTree = "<group>"; };
		144616B5170B0F47008B1ABC /* Default-568h@2x.png */ = {isa = PBXFileReference; lastKnownFileType = image.png; path = "Default-568h@2x.png"; sourceTree = "<group>"; };
		144616E9170B5315008B1ABC /* SearchViewController.h */ = {isa = PBXFileReference; fileEncoding = 4; lastKnownFileType = sourcecode.c.h; path = SearchViewController.h; sourceTree = "<group>"; };
		144616EA170B5315008B1ABC /* SearchViewController.m */ = {isa = PBXFileReference; fileEncoding = 4; lastKnownFileType = sourcecode.c.objc; path = SearchViewController.m; sourceTree = "<group>"; };
		14634371170DF8AF0062B1E4 /* bg640_960.png */ = {isa = PBXFileReference; lastKnownFileType = image.png; name = bg640_960.png; path = "External resources/bg640_960.png"; sourceTree = SOURCE_ROOT; };
		14634372170DF8AF0062B1E4 /* bg640_960@2x.png */ = {isa = PBXFileReference; lastKnownFileType = image.png; name = "bg640_960@2x.png"; path = "External resources/bg640_960@2x.png"; sourceTree = SOURCE_ROOT; };
		14634375170E97CB0062B1E4 /* sections.plist */ = {isa = PBXFileReference; fileEncoding = 4; lastKnownFileType = text.plist.xml; path = sections.plist; sourceTree = "<group>"; };
		14634377170E9F180062B1E4 /* pronouns.plist */ = {isa = PBXFileReference; fileEncoding = 4; lastKnownFileType = text.plist.xml; path = pronouns.plist; sourceTree = "<group>"; };
		1463437B170EB91D0062B1E4 /* all_pronouns.plist */ = {isa = PBXFileReference; fileEncoding = 4; lastKnownFileType = text.plist.xml; path = all_pronouns.plist; sourceTree = "<group>"; };
		147D226D1714933A005E817D /* WordCell.h */ = {isa = PBXFileReference; fileEncoding = 4; lastKnownFileType = sourcecode.c.h; path = WordCell.h; sourceTree = "<group>"; };
		147D226E1714933A005E817D /* WordCell.m */ = {isa = PBXFileReference; fileEncoding = 4; lastKnownFileType = sourcecode.c.objc; path = WordCell.m; sourceTree = "<group>"; };
		147D22701715BF46005E817D /* fr_bg.png */ = {isa = PBXFileReference; lastKnownFileType = image.png; name = fr_bg.png; path = "External resources/fr_bg.png"; sourceTree = SOURCE_ROOT; };
		147D22711715BF46005E817D /* fr_bg@2x.png */ = {isa = PBXFileReference; lastKnownFileType = image.png; name = "fr_bg@2x.png"; path = "External resources/fr_bg@2x.png"; sourceTree = SOURCE_ROOT; };
		147D22741715CCF3005E817D /* questions.plist */ = {isa = PBXFileReference; fileEncoding = 4; lastKnownFileType = text.plist.xml; path = questions.plist; sourceTree = "<group>"; };
		147D22761715CD3D005E817D /* all_questions.plist */ = {isa = PBXFileReference; fileEncoding = 4; lastKnownFileType = text.plist.xml; path = all_questions.plist; sourceTree = "<group>"; };
		14BB5C581714526F00D40A46 /* re_verbs.plist */ = {isa = PBXFileReference; fileEncoding = 4; lastKnownFileType = text.plist.xml; path = re_verbs.plist; sourceTree = "<group>"; };
/* End PBXFileReference section */

/* Begin PBXFrameworksBuildPhase section */
		1436403116F19EDE007EA29F /* Frameworks */ = {
			isa = PBXFrameworksBuildPhase;
			buildActionMask = 2147483647;
			files = (
				1436403816F19EDF007EA29F /* UIKit.framework in Frameworks */,
				1436403A16F19EDF007EA29F /* Foundation.framework in Frameworks */,
				1436403C16F19EDF007EA29F /* CoreGraphics.framework in Frameworks */,
			);
			runOnlyForDeploymentPostprocessing = 0;
		};
/* End PBXFrameworksBuildPhase section */

/* Begin PBXGroup section */
		1436402B16F19EDE007EA29F = {
			isa = PBXGroup;
			children = (
				144616B5170B0F47008B1ABC /* Default-568h@2x.png */,
				144616B3170B0E43008B1ABC /* Default@2x.png */,
				144616B1170B0CF0008B1ABC /* Default.png */,
				144616AF170B0964008B1ABC /* icon114.png */,
				144616AD170B095F008B1ABC /* icon57.png */,
				1436403D16F19EDF007EA29F /* FrenchVerbConjugations */,
				1436403616F19EDE007EA29F /* Frameworks */,
				1436403516F19EDE007EA29F /* Products */,
			);
			sourceTree = "<group>";
		};
		1436403516F19EDE007EA29F /* Products */ = {
			isa = PBXGroup;
			children = (
				1436403416F19EDE007EA29F /* French Words.app */,
			);
			name = Products;
			sourceTree = "<group>";
		};
		1436403616F19EDE007EA29F /* Frameworks */ = {
			isa = PBXGroup;
			children = (
				1436403716F19EDF007EA29F /* UIKit.framework */,
				1436403916F19EDF007EA29F /* Foundation.framework */,
				1436403B16F19EDF007EA29F /* CoreGraphics.framework */,
			);
			name = Frameworks;
			sourceTree = "<group>";
		};
		1436403D16F19EDF007EA29F /* FrenchVerbConjugations */ = {
			isa = PBXGroup;
			children = (
				1436404616F19EDF007EA29F /* AppDelegate.h */,
				1436404716F19EDF007EA29F /* AppDelegate.m */,
				1436404F16F19EDF007EA29F /* MainStoryboard.storyboard */,
				1436405216F19EDF007EA29F /* MasterViewController.h */,
				1436405316F19EDF007EA29F /* MasterViewController.m */,
				1436405516F19EDF007EA29F /* DetailViewController.h */,
				1436405616F19EDF007EA29F /* DetailViewController.m */,
				144616E9170B5315008B1ABC /* SearchViewController.h */,
				144616EA170B5315008B1ABC /* SearchViewController.m */,
				147D226D1714933A005E817D /* WordCell.h */,
				147D226E1714933A005E817D /* WordCell.m */,
				1436403E16F19EDF007EA29F /* Supporting Files */,
			);
			path = FrenchVerbConjugations;
			sourceTree = "<group>";
		};
		1436403E16F19EDF007EA29F /* Supporting Files */ = {
			isa = PBXGroup;
			children = (
				147D22701715BF46005E817D /* fr_bg.png */,
				147D22711715BF46005E817D /* fr_bg@2x.png */,
				1436406E16F3134C007EA29F /* loading.png */,
				1436406316F1C725007EA29F /* French */,
				1436403F16F19EDF007EA29F /* FrenchVerbConjugations-Info.plist */,
				1436404016F19EDF007EA29F /* InfoPlist.strings */,
				1436404316F19EDF007EA29F /* main.m */,
				1436404516F19EDF007EA29F /* FrenchVerbConjugations-Prefix.pch */,
				14634371170DF8AF0062B1E4 /* bg640_960.png */,
				14634372170DF8AF0062B1E4 /* bg640_960@2x.png */,
				1436404916F19EDF007EA29F /* Default.png */,
				1436404B16F19EDF007EA29F /* Default@2x.png */,
				1436404D16F19EDF007EA29F /* Default-568h@2x.png */,
			);
			name = "Supporting Files";
			sourceTree = "<group>";
		};
		1436406316F1C725007EA29F /* French */ = {
			isa = PBXGroup;
			children = (
				1436405D16F19F14007EA29F /* verbs.plist */,
				1436406816F2E050007EA29F /* nouns.plist */,
				1436405F16F19F63007EA29F /* er_verbs.plist */,
				1436406116F1C6FC007EA29F /* ir_verbs.plist */,
				1436406416F1CC17007EA29F /* irr_verbs.plist */,
				1436406616F1CCEA007EA29F /* reflex_verbs.plist */,
				1436406A16F2E09F007EA29F /* f_nouns.plist */,
				1436406C16F2F316007EA29F /* m_nouns.plist */,
				14634375170E97CB0062B1E4 /* sections.plist */,
				14634377170E9F180062B1E4 /* pronouns.plist */,
				1463437B170EB91D0062B1E4 /* all_pronouns.plist */,
				14BB5C581714526F00D40A46 /* re_verbs.plist */,
				147D22741715CCF3005E817D /* questions.plist */,
				147D22761715CD3D005E817D /* all_questions.plist */,
			);
			name = French;
			sourceTree = "<group>";
		};
/* End PBXGroup section */

/* Begin PBXNativeTarget section */
		1436403316F19EDE007EA29F /* French Words */ = {
			isa = PBXNativeTarget;
			buildConfigurationList = 1436405A16F19EDF007EA29F /* Build configuration list for PBXNativeTarget "French Words" */;
			buildPhases = (
				1436403016F19EDE007EA29F /* Sources */,
				1436403116F19EDE007EA29F /* Frameworks */,
				1436403216F19EDE007EA29F /* Resources */,
			);
			buildRules = (
			);
			dependencies = (
			);
			name = "French Words";
			productName = FrenchVerbConjugations;
			productReference = 1436403416F19EDE007EA29F /* French Words.app */;
			productType = "com.apple.product-type.application";
		};
/* End PBXNativeTarget section */

/* Begin PBXProject section */
		1436402C16F19EDE007EA29F /* Project object */ = {
			isa = PBXProject;
			attributes = {
				LastUpgradeCheck = 0460;
				ORGANIZATIONNAME = Epinion;
			};
			buildConfigurationList = 1436402F16F19EDE007EA29F /* Build configuration list for PBXProject "FrenchVerbConjugations" */;
			compatibilityVersion = "Xcode 3.2";
			developmentRegion = English;
			hasScannedForEncodings = 0;
			knownRegions = (
				en,
			);
			mainGroup = 1436402B16F19EDE007EA29F;
			productRefGroup = 1436403516F19EDE007EA29F /* Products */;
			projectDirPath = "";
			projectRoot = "";
			targets = (
				1436403316F19EDE007EA29F /* French Words */,
			);
		};
/* End PBXProject section */

/* Begin PBXResourcesBuildPhase section */
		1436403216F19EDE007EA29F /* Resources */ = {
			isa = PBXResourcesBuildPhase;
			buildActionMask = 2147483647;
			files = (
				1436404216F19EDF007EA29F /* InfoPlist.strings in Resources */,
				1436404A16F19EDF007EA29F /* Default.png in Resources */,
				1436404C16F19EDF007EA29F /* Default@2x.png in Resources */,
				1436404E16F19EDF007EA29F /* Default-568h@2x.png in Resources */,
				1436405116F19EDF007EA29F /* MainStoryboard.storyboard in Resources */,
				1436405E16F19F14007EA29F /* verbs.plist in Resources */,
				1436406016F19F63007EA29F /* er_verbs.plist in Resources */,
				1436406216F1C6FC007EA29F /* ir_verbs.plist in Resources */,
				1436406516F1CC17007EA29F /* irr_verbs.plist in Resources */,
				1436406716F1CCEA007EA29F /* reflex_verbs.plist in Resources */,
				1436406916F2E050007EA29F /* nouns.plist in Resources */,
				1436406B16F2E09F007EA29F /* f_nouns.plist in Resources */,
				1436406D16F2F317007EA29F /* m_nouns.plist in Resources */,
				1436406F16F3134C007EA29F /* loading.png in Resources */,
				144616AE170B095F008B1ABC /* icon57.png in Resources */,
				144616B0170B0964008B1ABC /* icon114.png in Resources */,
				144616B2170B0CF0008B1ABC /* Default.png in Resources */,
				144616B4170B0E43008B1ABC /* Default@2x.png in Resources */,
				144616B6170B0F47008B1ABC /* Default-568h@2x.png in Resources */,
				14634373170DF8AF0062B1E4 /* bg640_960.png in Resources */,
				14634374170DF8AF0062B1E4 /* bg640_960@2x.png in Resources */,
				14634376170E97CB0062B1E4 /* sections.plist in Resources */,
				14634378170E9F180062B1E4 /* pronouns.plist in Resources */,
				1463437C170EB91D0062B1E4 /* all_pronouns.plist in Resources */,
				14BB5C591714526F00D40A46 /* re_verbs.plist in Resources */,
				147D22721715BF46005E817D /* fr_bg.png in Resources */,
				147D22731715BF46005E817D /* fr_bg@2x.png in Resources */,
				147D22751715CCF3005E817D /* questions.plist in Resources */,
				147D22771715CD3D005E817D /* all_questions.plist in Resources */,
			);
			runOnlyForDeploymentPostprocessing = 0;
		};
/* End PBXResourcesBuildPhase section */

/* Begin PBXSourcesBuildPhase section */
		1436403016F19EDE007EA29F /* Sources */ = {
			isa = PBXSourcesBuildPhase;
			buildActionMask = 2147483647;
			files = (
				1436404416F19EDF007EA29F /* main.m in Sources */,
				1436404816F19EDF007EA29F /* AppDelegate.m in Sources */,
				1436405416F19EDF007EA29F /* MasterViewController.m in Sources */,
				1436405716F19EDF007EA29F /* DetailViewController.m in Sources */,
				144616EB170B5315008B1ABC /* SearchViewController.m in Sources */,
				147D226F1714933A005E817D /* WordCell.m in Sources */,
			);
			runOnlyForDeploymentPostprocessing = 0;
		};
/* End PBXSourcesBuildPhase section */

/* Begin PBXVariantGroup section */
		1436404016F19EDF007EA29F /* InfoPlist.strings */ = {
			isa = PBXVariantGroup;
			children = (
				1436404116F19EDF007EA29F /* en */,
			);
			name = InfoPlist.strings;
			sourceTree = "<group>";
		};
		1436404F16F19EDF007EA29F /* MainStoryboard.storyboard */ = {
			isa = PBXVariantGroup;
			children = (
				1436405016F19EDF007EA29F /* en */,
			);
			name = MainStoryboard.storyboard;
			sourceTree = "<group>";
		};
/* End PBXVariantGroup section */

/* Begin XCBuildConfiguration section */
		1436405816F19EDF007EA29F /* Debug */ = {
			isa = XCBuildConfiguration;
			buildSettings = {
				ALWAYS_SEARCH_USER_PATHS = NO;
				CLANG_CXX_LANGUAGE_STANDARD = "gnu++0x";
				CLANG_CXX_LIBRARY = "libc++";
				CLANG_ENABLE_OBJC_ARC = YES;
				CLANG_WARN_CONSTANT_CONVERSION = YES;
				CLANG_WARN_EMPTY_BODY = YES;
				CLANG_WARN_ENUM_CONVERSION = YES;
				CLANG_WARN_INT_CONVERSION = YES;
				CLANG_WARN__DUPLICATE_METHOD_MATCH = YES;
				"CODE_SIGN_IDENTITY[sdk=iphoneos*]" = "iPhone Developer";
				COPY_PHASE_STRIP = NO;
				GCC_C_LANGUAGE_STANDARD = gnu99;
				GCC_DYNAMIC_NO_PIC = NO;
				GCC_OPTIMIZATION_LEVEL = 0;
				GCC_PREPROCESSOR_DEFINITIONS = (
					"DEBUG=1",
					"$(inherited)",
				);
				GCC_SYMBOLS_PRIVATE_EXTERN = NO;
				GCC_WARN_ABOUT_RETURN_TYPE = YES;
				GCC_WARN_UNINITIALIZED_AUTOS = YES;
				GCC_WARN_UNUSED_VARIABLE = YES;
				IPHONEOS_DEPLOYMENT_TARGET = 6.1;
				ONLY_ACTIVE_ARCH = YES;
				SDKROOT = iphoneos;
			};
			name = Debug;
		};
		1436405916F19EDF007EA29F /* Release */ = {
			isa = XCBuildConfiguration;
			buildSettings = {
				ALWAYS_SEARCH_USER_PATHS = NO;
				CLANG_CXX_LANGUAGE_STANDARD = "gnu++0x";
				CLANG_CXX_LIBRARY = "libc++";
				CLANG_ENABLE_OBJC_ARC = YES;
				CLANG_WARN_CONSTANT_CONVERSION = YES;
				CLANG_WARN_EMPTY_BODY = YES;
				CLANG_WARN_ENUM_CONVERSION = YES;
				CLANG_WARN_INT_CONVERSION = YES;
				CLANG_WARN__DUPLICATE_METHOD_MATCH = YES;
				"CODE_SIGN_IDENTITY[sdk=iphoneos*]" = "iPhone Developer";
				COPY_PHASE_STRIP = YES;
				GCC_C_LANGUAGE_STANDARD = gnu99;
				GCC_WARN_ABOUT_RETURN_TYPE = YES;
				GCC_WARN_UNINITIALIZED_AUTOS = YES;
				GCC_WARN_UNUSED_VARIABLE = YES;
				IPHONEOS_DEPLOYMENT_TARGET = 6.1;
				OTHER_CFLAGS = "-DNS_BLOCK_ASSERTIONS=1";
				SDKROOT = iphoneos;
				VALIDATE_PRODUCT = YES;
			};
			name = Release;
		};
		1436405B16F19EDF007EA29F /* Debug */ = {
			isa = XCBuildConfiguration;
			buildSettings = {
				GCC_PRECOMPILE_PREFIX_HEADER = YES;
				GCC_PREFIX_HEADER = "FrenchVerbConjugations/FrenchVerbConjugations-Prefix.pch";
				INFOPLIST_FILE = "FrenchVerbConjugations/FrenchVerbConjugations-Info.plist";
				PRODUCT_NAME = "$(TARGET_NAME)";
				WRAPPER_EXTENSION = app;
			};
			name = Debug;
		};
		1436405C16F19EDF007EA29F /* Release */ = {
			isa = XCBuildConfiguration;
			buildSettings = {
				GCC_PRECOMPILE_PREFIX_HEADER = YES;
				GCC_PREFIX_HEADER = "FrenchVerbConjugations/FrenchVerbConjugations-Prefix.pch";
				INFOPLIST_FILE = "FrenchVerbConjugations/FrenchVerbConjugations-Info.plist";
				PRODUCT_NAME = "$(TARGET_NAME)";
				WRAPPER_EXTENSION = app;
			};
			name = Release;
		};
/* End XCBuildConfiguration section */

/* Begin XCConfigurationList section */
		1436402F16F19EDE007EA29F /* Build configuration list for PBXProject "FrenchVerbConjugations" */ = {
			isa = XCConfigurationList;
			buildConfigurations = (
				1436405816F19EDF007EA29F /* Debug */,
				1436405916F19EDF007EA29F /* Release */,
			);
			defaultConfigurationIsVisible = 0;
			defaultConfigurationName = Release;
		};
		1436405A16F19EDF007EA29F /* Build configuration list for PBXNativeTarget "French Words" */ = {
			isa = XCConfigurationList;
			buildConfigurations = (
				1436405B16F19EDF007EA29F /* Debug */,
				1436405C16F19EDF007EA29F /* Release */,
			);
			defaultConfigurationIsVisible = 0;
			defaultConfigurationName = Release;
		};
/* End XCConfigurationList section */
	};
	rootObject = 1436402C16F19EDE007EA29F /* Project object */;
}
